
Microsoft Visual Studio Solution File, Format Version 12.00
# Visual Studio Version 17
VisualStudioVersion = 17.2.32616.157
MinimumVisualStudioVersion = 10.0.40219.1
Project("{9A19103F-16F7-4668-BE54-9A1E7A4F7556}") = "GameEngine", "GameEngine\GameEngine.csproj", "{4889EB77-DED0-4491-A508-F031EF1A956A}"
EndProject
Project("{9A19103F-16F7-4668-BE54-9A1E7A4F7556}") = "MapEditor", "MapEditor\MapEditor.csproj", "{122A524A-E96E-4434-B1A5-29CBC1979ADB}"
EndProject
Project("{9A19103F-16F7-4668-BE54-9A1E7A4F7556}") = "GridWalkRPGExample", "GridWalkRPG\GridWalkRPGExample.csproj", "{A4136326-3AFD-48B5-8268-2DF32A644505}"
	ProjectSection(ProjectDependencies) = postProject
		{78B69644-D0BC-499A-8099-E90C756EA811} = {78B69644-D0BC-499A-8099-E90C756EA811}
	EndProjectSection
EndProject
Project("{9A19103F-16F7-4668-BE54-9A1E7A4F7556}") = "GameEngine.UI.WinForms", "GameEngine.Windows\GameEngine.UI.WinForms.csproj", "{CB3D60F2-EFF0-473D-BFEE-49D3F7259B39}"
	ProjectSection(ProjectDependencies) = postProject
		{4889EB77-DED0-4491-A508-F031EF1A956A} = {4889EB77-DED0-4491-A508-F031EF1A956A}
	EndProjectSection
EndProject
Project("{9A19103F-16F7-4668-BE54-9A1E7A4F7556}") = "AnimationTransitionExample", "AnimationTransitionExample\AnimationTransitionExample.csproj", "{4DC4A52A-9D81-41A8-9E74-8367D749DAF9}"
	ProjectSection(ProjectDependencies) = postProject
		{0268266C-3197-46B0-A3EE-5590F37519EE} = {0268266C-3197-46B0-A3EE-5590F37519EE}
	EndProjectSection
EndProject
Project("{9A19103F-16F7-4668-BE54-9A1E7A4F7556}") = "GameEngine.UI.AvaloniaUI", "GameEngine.Avalonia\GameEngine.UI.AvaloniaUI.csproj", "{0268266C-3197-46B0-A3EE-5590F37519EE}"
EndProject
Project("{9A19103F-16F7-4668-BE54-9A1E7A4F7556}") = "GameEngine.UI", "GameEngine.UI\GameEngine.UI.csproj", "{BE3A6A57-29D0-471D-AB7E-6770530EF08F}"
EndProject
Project("{FAE04EC0-301F-11D3-BF4B-00C04F79EFBC}") = "TilingExample", "TilingExample\TilingExample.csproj", "{9D2F7702-215C-41CE-A3CC-763A1E20B3FA}"
EndProject
Project("{9A19103F-16F7-4668-BE54-9A1E7A4F7556}") = "GameEngine.UI.NAudio", "GameEngine.UI.NAudio\GameEngine.UI.NAudio.csproj", "{78B69644-D0BC-499A-8099-E90C756EA811}"
	ProjectSection(ProjectDependencies) = postProject
		{BE3A6A57-29D0-471D-AB7E-6770530EF08F} = {BE3A6A57-29D0-471D-AB7E-6770530EF08F}
	EndProjectSection
EndProject
Project("{9A19103F-16F7-4668-BE54-9A1E7A4F7556}") = "BlazorUI", "BlazorUI\BlazorUI.csproj", "{0815FDD4-10BD-44D0-BB1B-E155A9070571}"
EndProject
Project("{9A19103F-16F7-4668-BE54-9A1E7A4F7556}") = "GridWalkRPGExampleBlazor", "GridWalkRPG\GridWalkRPGExampleBlazor.csproj", "{890D24B7-BD9A-4A4B-A094-4C4372C1A1FA}"
EndProject
Global
	GlobalSection(SolutionConfigurationPlatforms) = preSolution
		Debug|Any CPU = Debug|Any CPU
		DebugAvalonia|Any CPU = DebugAvalonia|Any CPU
		DebugBlazor|Any CPU = DebugBlazor|Any CPU
		Release|Any CPU = Release|Any CPU
	EndGlobalSection
	GlobalSection(ProjectConfigurationPlatforms) = postSolution
		{4889EB77-DED0-4491-A508-F031EF1A956A}.Debug|Any CPU.ActiveCfg = Debug|Any CPU
		{4889EB77-DED0-4491-A508-F031EF1A956A}.Debug|Any CPU.Build.0 = Debug|Any CPU
		{4889EB77-DED0-4491-A508-F031EF1A956A}.DebugAvalonia|Any CPU.ActiveCfg = Debug|Any CPU
		{4889EB77-DED0-4491-A508-F031EF1A956A}.DebugAvalonia|Any CPU.Build.0 = Debug|Any CPU
		{4889EB77-DED0-4491-A508-F031EF1A956A}.DebugBlazor|Any CPU.ActiveCfg = Debug|Any CPU
		{4889EB77-DED0-4491-A508-F031EF1A956A}.DebugBlazor|Any CPU.Build.0 = Debug|Any CPU
		{4889EB77-DED0-4491-A508-F031EF1A956A}.Release|Any CPU.ActiveCfg = Release|Any CPU
		{4889EB77-DED0-4491-A508-F031EF1A956A}.Release|Any CPU.Build.0 = Release|Any CPU
		{122A524A-E96E-4434-B1A5-29CBC1979ADB}.Debug|Any CPU.ActiveCfg = Debug|Any CPU
		{122A524A-E96E-4434-B1A5-29CBC1979ADB}.Debug|Any CPU.Build.0 = Debug|Any CPU
		{122A524A-E96E-4434-B1A5-29CBC1979ADB}.DebugAvalonia|Any CPU.ActiveCfg = Debug|Any CPU
		{122A524A-E96E-4434-B1A5-29CBC1979ADB}.DebugBlazor|Any CPU.ActiveCfg = Debug|Any CPU
		{122A524A-E96E-4434-B1A5-29CBC1979ADB}.Release|Any CPU.ActiveCfg = Release|Any CPU
		{122A524A-E96E-4434-B1A5-29CBC1979ADB}.Release|Any CPU.Build.0 = Release|Any CPU
		{A4136326-3AFD-48B5-8268-2DF32A644505}.Debug|Any CPU.ActiveCfg = DebugBlazor|Any CPU
		{A4136326-3AFD-48B5-8268-2DF32A644505}.Debug|Any CPU.Build.0 = DebugBlazor|Any CPU
		{A4136326-3AFD-48B5-8268-2DF32A644505}.DebugAvalonia|Any CPU.ActiveCfg = DebugAvalonia|Any CPU
		{A4136326-3AFD-48B5-8268-2DF32A644505}.DebugAvalonia|Any CPU.Build.0 = DebugAvalonia|Any CPU
		{A4136326-3AFD-48B5-8268-2DF32A644505}.DebugBlazor|Any CPU.ActiveCfg = DebugBlazor|Any CPU
		{A4136326-3AFD-48B5-8268-2DF32A644505}.DebugBlazor|Any CPU.Build.0 = DebugBlazor|Any CPU
		{A4136326-3AFD-48B5-8268-2DF32A644505}.Release|Any CPU.ActiveCfg = Release|Any CPU
		{A4136326-3AFD-48B5-8268-2DF32A644505}.Release|Any CPU.Build.0 = Release|Any CPU
		{CB3D60F2-EFF0-473D-BFEE-49D3F7259B39}.Debug|Any CPU.ActiveCfg = Debug|Any CPU
		{CB3D60F2-EFF0-473D-BFEE-49D3F7259B39}.Debug|Any CPU.Build.0 = Debug|Any CPU
		{CB3D60F2-EFF0-473D-BFEE-49D3F7259B39}.DebugAvalonia|Any CPU.ActiveCfg = Debug|Any CPU
		{CB3D60F2-EFF0-473D-BFEE-49D3F7259B39}.DebugBlazor|Any CPU.ActiveCfg = Debug|Any CPU
		{CB3D60F2-EFF0-473D-BFEE-49D3F7259B39}.Release|Any CPU.ActiveCfg = Release|Any CPU
		{CB3D60F2-EFF0-473D-BFEE-49D3F7259B39}.Release|Any CPU.Build.0 = Release|Any CPU
		{4DC4A52A-9D81-41A8-9E74-8367D749DAF9}.Debug|Any CPU.ActiveCfg = Debug|Any CPU
		{4DC4A52A-9D81-41A8-9E74-8367D749DAF9}.Debug|Any CPU.Build.0 = Debug|Any CPU
		{4DC4A52A-9D81-41A8-9E74-8367D749DAF9}.DebugAvalonia|Any CPU.ActiveCfg = Debug|Any CPU
		{4DC4A52A-9D81-41A8-9E74-8367D749DAF9}.DebugBlazor|Any CPU.ActiveCfg = Debug|Any CPU
		{4DC4A52A-9D81-41A8-9E74-8367D749DAF9}.Release|Any CPU.ActiveCfg = Release|Any CPU
		{4DC4A52A-9D81-41A8-9E74-8367D749DAF9}.Release|Any CPU.Build.0 = Release|Any CPU
		{0268266C-3197-46B0-A3EE-5590F37519EE}.Debug|Any CPU.ActiveCfg = Debug|Any CPU
		{0268266C-3197-46B0-A3EE-5590F37519EE}.Debug|Any CPU.Build.0 = Debug|Any CPU
		{0268266C-3197-46B0-A3EE-5590F37519EE}.DebugAvalonia|Any CPU.ActiveCfg = Debug|Any CPU
		{0268266C-3197-46B0-A3EE-5590F37519EE}.DebugAvalonia|Any CPU.Build.0 = Debug|Any CPU
		{0268266C-3197-46B0-A3EE-5590F37519EE}.DebugBlazor|Any CPU.ActiveCfg = Debug|Any CPU
		{0268266C-3197-46B0-A3EE-5590F37519EE}.DebugBlazor|Any CPU.Build.0 = Debug|Any CPU
		{0268266C-3197-46B0-A3EE-5590F37519EE}.Release|Any CPU.ActiveCfg = Release|Any CPU
		{0268266C-3197-46B0-A3EE-5590F37519EE}.Release|Any CPU.Build.0 = Release|Any CPU
		{BE3A6A57-29D0-471D-AB7E-6770530EF08F}.Debug|Any CPU.ActiveCfg = Debug|Any CPU
		{BE3A6A57-29D0-471D-AB7E-6770530EF08F}.Debug|Any CPU.Build.0 = Debug|Any CPU
		{BE3A6A57-29D0-471D-AB7E-6770530EF08F}.DebugAvalonia|Any CPU.ActiveCfg = Debug|Any CPU
		{BE3A6A57-29D0-471D-AB7E-6770530EF08F}.DebugAvalonia|Any CPU.Build.0 = Debug|Any CPU
		{BE3A6A57-29D0-471D-AB7E-6770530EF08F}.DebugBlazor|Any CPU.ActiveCfg = Debug|Any CPU
		{BE3A6A57-29D0-471D-AB7E-6770530EF08F}.DebugBlazor|Any CPU.Build.0 = Debug|Any CPU
		{BE3A6A57-29D0-471D-AB7E-6770530EF08F}.Release|Any CPU.ActiveCfg = Release|Any CPU
		{BE3A6A57-29D0-471D-AB7E-6770530EF08F}.Release|Any CPU.Build.0 = Release|Any CPU
		{9D2F7702-215C-41CE-A3CC-763A1E20B3FA}.Debug|Any CPU.ActiveCfg = Debug|Any CPU
		{9D2F7702-215C-41CE-A3CC-763A1E20B3FA}.Debug|Any CPU.Build.0 = Debug|Any CPU
		{9D2F7702-215C-41CE-A3CC-763A1E20B3FA}.DebugAvalonia|Any CPU.ActiveCfg = Debug|Any CPU
		{9D2F7702-215C-41CE-A3CC-763A1E20B3FA}.DebugBlazor|Any CPU.ActiveCfg = Debug|Any CPU
		{9D2F7702-215C-41CE-A3CC-763A1E20B3FA}.Release|Any CPU.ActiveCfg = Release|Any CPU
		{9D2F7702-215C-41CE-A3CC-763A1E20B3FA}.Release|Any CPU.Build.0 = Release|Any CPU
		{78B69644-D0BC-499A-8099-E90C756EA811}.Debug|Any CPU.ActiveCfg = Debug|Any CPU
		{78B69644-D0BC-499A-8099-E90C756EA811}.Debug|Any CPU.Build.0 = Debug|Any CPU
		{78B69644-D0BC-499A-8099-E90C756EA811}.DebugAvalonia|Any CPU.ActiveCfg = Debug|Any CPU
		{78B69644-D0BC-499A-8099-E90C756EA811}.DebugAvalonia|Any CPU.Build.0 = Debug|Any CPU
		{78B69644-D0BC-499A-8099-E90C756EA811}.DebugBlazor|Any CPU.ActiveCfg = Debug|Any CPU
		{78B69644-D0BC-499A-8099-E90C756EA811}.DebugBlazor|Any CPU.Build.0 = Debug|Any CPU
		{78B69644-D0BC-499A-8099-E90C756EA811}.Release|Any CPU.ActiveCfg = Release|Any CPU
		{78B69644-D0BC-499A-8099-E90C756EA811}.Release|Any CPU.Build.0 = Release|Any CPU
		{0815FDD4-10BD-44D0-BB1B-E155A9070571}.Debug|Any CPU.ActiveCfg = Debug|Any CPU
		{0815FDD4-10BD-44D0-BB1B-E155A9070571}.Debug|Any CPU.Build.0 = Debug|Any CPU
		{0815FDD4-10BD-44D0-BB1B-E155A9070571}.DebugAvalonia|Any CPU.ActiveCfg = Debug|Any CPU
		{0815FDD4-10BD-44D0-BB1B-E155A9070571}.DebugAvalonia|Any CPU.Build.0 = Debug|Any CPU
		{0815FDD4-10BD-44D0-BB1B-E155A9070571}.DebugBlazor|Any CPU.ActiveCfg = Debug|Any CPU
		{0815FDD4-10BD-44D0-BB1B-E155A9070571}.DebugBlazor|Any CPU.Build.0 = Debug|Any CPU
		{0815FDD4-10BD-44D0-BB1B-E155A9070571}.Release|Any CPU.ActiveCfg = Release|Any CPU
		{0815FDD4-10BD-44D0-BB1B-E155A9070571}.Release|Any CPU.Build.0 = Release|Any CPU
		{890D24B7-BD9A-4A4B-A094-4C4372C1A1FA}.Debug|Any CPU.ActiveCfg = DebugBlazor|Any CPU
		{890D24B7-BD9A-4A4B-A094-4C4372C1A1FA}.Debug|Any CPU.Build.0 = DebugBlazor|Any CPU
		{890D24B7-BD9A-4A4B-A094-4C4372C1A1FA}.DebugAvalonia|Any CPU.ActiveCfg = DebugAvalonia|Any CPU
		{890D24B7-BD9A-4A4B-A094-4C4372C1A1FA}.DebugAvalonia|Any CPU.Build.0 = DebugAvalonia|Any CPU
		{890D24B7-BD9A-4A4B-A094-4C4372C1A1FA}.DebugBlazor|Any CPU.ActiveCfg = DebugBlazor|Any CPU
		{890D24B7-BD9A-4A4B-A094-4C4372C1A1FA}.DebugBlazor|Any CPU.Build.0 = DebugBlazor|Any CPU
		{890D24B7-BD9A-4A4B-A094-4C4372C1A1FA}.Release|Any CPU.ActiveCfg = Release|Any CPU
		{890D24B7-BD9A-4A4B-A094-4C4372C1A1FA}.Release|Any CPU.Build.0 = Release|Any CPU
	EndGlobalSection
	GlobalSection(SolutionProperties) = preSolution
		HideSolutionNode = FALSE
	EndGlobalSection
	GlobalSection(ExtensibilityGlobals) = postSolution
		SolutionGuid = {888CE569-D745-40FF-AD95-3364856A67BA}
	EndGlobalSection
EndGlobal
